// !$*UTF8*$!
{
	archiveVersion = 1;
	classes = {
	};
	objectVersion = 50;
	objects = {

/* Begin PBXBuildFile section */
		C2EA72752470063D0019CCA0 /* main.cpp in Sources */ = {isa = PBXBuildFile; fileRef = C2EA72742470063D0019CCA0 /* main.cpp */; };
		C2EA728A247006FB0019CCA0 /* libboost_serialization.dylib in Frameworks */ = {isa = PBXBuildFile; fileRef = C2EA7289247006FB0019CCA0 /* libboost_serialization.dylib */; };
/* End PBXBuildFile section */

/* Begin PBXCopyFilesBuildPhase section */
		C2EA726F2470063D0019CCA0 /* CopyFiles */ = {
			isa = PBXCopyFilesBuildPhase;
			buildActionMask = 2147483647;
			dstPath = /usr/share/man/man1/;
			dstSubfolderSpec = 0;
			files = (
			);
			runOnlyForDeploymentPostprocessing = 1;
		};
/* End PBXCopyFilesBuildPhase section */

/* Begin PBXFileReference section */
		C2EA72712470063D0019CCA0 /* Auth */ = {isa = PBXFileReference; explicitFileType = "compiled.mach-o.executable"; includeInIndex = 0; path = Auth; sourceTree = BUILT_PRODUCTS_DIR; };
		C2EA72742470063D0019CCA0 /* main.cpp */ = {isa = PBXFileReference; lastKnownFileType = sourcecode.cpp.cpp; path = main.cpp; sourceTree = "<group>"; };
		C2EA727E2470065F0019CCA0 /* includes.h */ = {isa = PBXFileReference; lastKnownFileType = sourcecode.c.h; path = includes.h; sourceTree = "<group>"; };
		C2EA72802470066A0019CCA0 /* AccountManager.h */ = {isa = PBXFileReference; lastKnownFileType = sourcecode.c.h; path = AccountManager.h; sourceTree = "<group>"; };
		C2EA7289247006FB0019CCA0 /* libboost_serialization.dylib */ = {isa = PBXFileReference; lastKnownFileType = "compiled.mach-o.dylib"; name = libboost_serialization.dylib; path = ../externs/boost/lib/libboost_serialization.dylib; sourceTree = "<group>"; };
		C2EA72B724707B940019CCA0 /* Log.h */ = {isa = PBXFileReference; lastKnownFileType = sourcecode.c.h; path = Log.h; sourceTree = "<group>"; };
		C2EA72B824707B940019CCA0 /* Player.h */ = {isa = PBXFileReference; lastKnownFileType = sourcecode.c.h; path = Player.h; sourceTree = "<group>"; };
		C2EA72B924707B940019CCA0 /* TCPClient.h */ = {isa = PBXFileReference; lastKnownFileType = sourcecode.c.h; path = TCPClient.h; sourceTree = "<group>"; };
		C2EA72BA24707B940019CCA0 /* Packet.h */ = {isa = PBXFileReference; lastKnownFileType = sourcecode.c.h; path = Packet.h; sourceTree = "<group>"; };
		C2EA72BB24707B940019CCA0 /* Account.h */ = {isa = PBXFileReference; lastKnownFileType = sourcecode.c.h; path = Account.h; sourceTree = "<group>"; };
		C2EA72BC24707B940019CCA0 /* TCPServer.h */ = {isa = PBXFileReference; lastKnownFileType = sourcecode.c.h; path = TCPServer.h; sourceTree = "<group>"; };
/* End PBXFileReference section */

/* Begin PBXFrameworksBuildPhase section */
		C2EA726E2470063D0019CCA0 /* Frameworks */ = {
			isa = PBXFrameworksBuildPhase;
			buildActionMask = 2147483647;
			files = (
				C2EA728A247006FB0019CCA0 /* libboost_serialization.dylib in Frameworks */,
			);
			runOnlyForDeploymentPostprocessing = 0;
		};
/* End PBXFrameworksBuildPhase section */

/* Begin PBXGroup section */
		C2EA72682470063D0019CCA0 = {
			isa = PBXGroup;
			children = (
				C2EA72732470063D0019CCA0 /* Auth */,
				C2EA72722470063D0019CCA0 /* Products */,
				C2EA7288247006FB0019CCA0 /* Frameworks */,
			);
			sourceTree = "<group>";
		};
		C2EA72722470063D0019CCA0 /* Products */ = {
			isa = PBXGroup;
			children = (
				C2EA72712470063D0019CCA0 /* Auth */,
			);
			name = Products;
			sourceTree = "<group>";
		};
		C2EA72732470063D0019CCA0 /* Auth */ = {
			isa = PBXGroup;
			children = (
				C2EA727D2470065F0019CCA0 /* Utils */,
				C2EA727F2470066A0019CCA0 /* Controller */,
				C2EA72812470066A0019CCA0 /* Classes */,
				C2EA72742470063D0019CCA0 /* main.cpp */,
			);
			path = Auth;
			sourceTree = "<group>";
		};
		C2EA727D2470065F0019CCA0 /* Utils */ = {
			isa = PBXGroup;
			children = (
				C2EA727E2470065F0019CCA0 /* includes.h */,
			);
			path = Utils;
			sourceTree = "<group>";
		};
		C2EA727F2470066A0019CCA0 /* Controller */ = {
			isa = PBXGroup;
			children = (
				C2EA72802470066A0019CCA0 /* AccountManager.h */,
			);
			path = Controller;
			sourceTree = "<group>";
		};
		C2EA72812470066A0019CCA0 /* Classes */ = {
			isa = PBXGroup;
			children = (
				C2EA72B824707B940019CCA0 /* Player.h */,
				C2EA72BB24707B940019CCA0 /* Account.h */,
				C2EA72BA24707B940019CCA0 /* Packet.h */,
				C2EA72B924707B940019CCA0 /* TCPClient.h */,
				C2EA72BC24707B940019CCA0 /* TCPServer.h */,
				C2EA72B724707B940019CCA0 /* Log.h */,
			);
			path = Classes;
			sourceTree = "<group>";
		};
		C2EA7288247006FB0019CCA0 /* Frameworks */ = {
			isa = PBXGroup;
			children = (
				C2EA7289247006FB0019CCA0 /* libboost_serialization.dylib */,
			);
			name = Frameworks;
			sourceTree = "<group>";
		};
/* End PBXGroup section */

/* Begin PBXNativeTarget section */
		C2EA72702470063D0019CCA0 /* Auth */ = {
			isa = PBXNativeTarget;
			buildConfigurationList = C2EA72782470063D0019CCA0 /* Build configuration list for PBXNativeTarget "Auth" */;
			buildPhases = (
				C2EA726D2470063D0019CCA0 /* Sources */,
				C2EA726E2470063D0019CCA0 /* Frameworks */,
				C2EA726F2470063D0019CCA0 /* CopyFiles */,
			);
			buildRules = (
			);
			dependencies = (
			);
			name = Auth;
			productName = Auth;
			productReference = C2EA72712470063D0019CCA0 /* Auth */;
			productType = "com.apple.product-type.tool";
		};
/* End PBXNativeTarget section */

/* Begin PBXProject section */
		C2EA72692470063D0019CCA0 /* Project object */ = {
			isa = PBXProject;
			attributes = {
				LastUpgradeCheck = 1140;
				ORGANIZATIONNAME = "Cédric B.";
				TargetAttributes = {
					C2EA72702470063D0019CCA0 = {
						CreatedOnToolsVersion = 11.4.1;
					};
				};
			};
			buildConfigurationList = C2EA726C2470063D0019CCA0 /* Build configuration list for PBXProject "Auth" */;
			compatibilityVersion = "Xcode 9.3";
			developmentRegion = en;
			hasScannedForEncodings = 0;
			knownRegions = (
				en,
				Base,
			);
			mainGroup = C2EA72682470063D0019CCA0;
			productRefGroup = C2EA72722470063D0019CCA0 /* Products */;
			projectDirPath = "";
			projectRoot = "";
			targets = (
				C2EA72702470063D0019CCA0 /* Auth */,
			);
		};
/* End PBXProject section */

/* Begin PBXSourcesBuildPhase section */
		C2EA726D2470063D0019CCA0 /* Sources */ = {
			isa = PBXSourcesBuildPhase;
			buildActionMask = 2147483647;
			files = (
				C2EA72752470063D0019CCA0 /* main.cpp in Sources */,
			);
			runOnlyForDeploymentPostprocessing = 0;
		};
/* End PBXSourcesBuildPhase section */

/* Begin XCBuildConfiguration section */
		C2EA72762470063D0019CCA0 /* Debug */ = {
			isa = XCBuildConfiguration;
			buildSettings = {
				ALWAYS_SEARCH_USER_PATHS = NO;
				CLANG_ANALYZER_NONNULL = YES;
				CLANG_ANALYZER_NUMBER_OBJECT_CONVERSION = YES_AGGRESSIVE;
				CLANG_CXX_LANGUAGE_STANDARD = "gnu++14";
				CLANG_CXX_LIBRARY = "libc++";
				CLANG_ENABLE_MODULES = YES;
				CLANG_ENABLE_OBJC_ARC = YES;
				CLANG_ENABLE_OBJC_WEAK = YES;
				CLANG_WARN_BLOCK_CAPTURE_AUTORELEASING = YES;
				CLANG_WARN_BOOL_CONVERSION = YES;
				CLANG_WARN_COMMA = YES;
				CLANG_WARN_CONSTANT_CONVERSION = YES;
				CLANG_WARN_DEPRECATED_OBJC_IMPLEMENTATIONS = YES;
				CLANG_WARN_DIRECT_OBJC_ISA_USAGE = YES_ERROR;
				CLANG_WARN_DOCUMENTATION_COMMENTS = YES;
				CLANG_WARN_EMPTY_BODY = YES;
				CLANG_WARN_ENUM_CONVERSION = YES;
				CLANG_WARN_INFINITE_RECURSION = YES;
				CLANG_WARN_INT_CONVERSION = YES;
				CLANG_WARN_NON_LITERAL_NULL_CONVERSION = YES;
				CLANG_WARN_OBJC_IMPLICIT_RETAIN_SELF = YES;
				CLANG_WARN_OBJC_LITERAL_CONVERSION = YES;
				CLANG_WARN_OBJC_ROOT_CLASS = YES_ERROR;
				CLANG_WARN_RANGE_LOOP_ANALYSIS = YES;
				CLANG_WARN_STRICT_PROTOTYPES = YES;
				CLANG_WARN_SUSPICIOUS_MOVE = YES;
				CLANG_WARN_UNGUARDED_AVAILABILITY = YES_AGGRESSIVE;
				CLANG_WARN_UNREACHABLE_CODE = YES;
				CLANG_WARN__DUPLICATE_METHOD_MATCH = YES;
				COPY_PHASE_STRIP = NO;
				DEBUG_INFORMATION_FORMAT = dwarf;
				ENABLE_STRICT_OBJC_MSGSEND = YES;
				ENABLE_TESTABILITY = YES;
				GCC_C_LANGUAGE_STANDARD = gnu11;
				GCC_DYNAMIC_NO_PIC = NO;
				GCC_NO_COMMON_BLOCKS = YES;
				GCC_OPTIMIZATION_LEVEL = 0;
				GCC_PREPROCESSOR_DEFINITIONS = (
					"DEBUG=1",
					"$(inherited)",
				);
				GCC_WARN_64_TO_32_BIT_CONVERSION = YES;
				GCC_WARN_ABOUT_RETURN_TYPE = YES_ERROR;
				GCC_WARN_UNDECLARED_SELECTOR = YES;
				GCC_WARN_UNINITIALIZED_AUTOS = YES_AGGRESSIVE;
				GCC_WARN_UNUSED_FUNCTION = YES;
				GCC_WARN_UNUSED_VARIABLE = YES;
				MACOSX_DEPLOYMENT_TARGET = 10.15;
				MTL_ENABLE_DEBUG_INFO = INCLUDE_SOURCE;
				MTL_FAST_MATH = YES;
				ONLY_ACTIVE_ARCH = YES;
				SDKROOT = macosx;
			};
			name = Debug;
		};
		C2EA72772470063D0019CCA0 /* Release */ = {
			isa = XCBuildConfiguration;
			buildSettings = {
				ALWAYS_SEARCH_USER_PATHS = NO;
				CLANG_ANALYZER_NONNULL = YES;
				CLANG_ANALYZER_NUMBER_OBJECT_CONVERSION = YES_AGGRESSIVE;
				CLANG_CXX_LANGUAGE_STANDARD = "gnu++14";
				CLANG_CXX_LIBRARY = "libc++";
				CLANG_ENABLE_MODULES = YES;
				CLANG_ENABLE_OBJC_ARC = YES;
				CLANG_ENABLE_OBJC_WEAK = YES;
				CLANG_WARN_BLOCK_CAPTURE_AUTORELEASING = YES;
				CLANG_WARN_BOOL_CONVERSION = YES;
				CLANG_WARN_COMMA = YES;
				CLANG_WARN_CONSTANT_CONVERSION = YES;
				CLANG_WARN_DEPRECATED_OBJC_IMPLEMENTATIONS = YES;
				CLANG_WARN_DIRECT_OBJC_ISA_USAGE = YES_ERROR;
				CLANG_WARN_DOCUMENTATION_COMMENTS = YES;
				CLANG_WARN_EMPTY_BODY = YES;
				CLANG_WARN_ENUM_CONVERSION = YES;
				CLANG_WARN_INFINITE_RECURSION = YES;
				CLANG_WARN_INT_CONVERSION = YES;
				CLANG_WARN_NON_LITERAL_NULL_CONVERSION = YES;
				CLANG_WARN_OBJC_IMPLICIT_RETAIN_SELF = YES;
				CLANG_WARN_OBJC_LITERAL_CONVERSION = YES;
				CLANG_WARN_OBJC_ROOT_CLASS = YES_ERROR;
				CLANG_WARN_RANGE_LOOP_ANALYSIS = YES;
				CLANG_WARN_STRICT_PROTOTYPES = YES;
				CLANG_WARN_SUSPICIOUS_MOVE = YES;
				CLANG_WARN_UNGUARDED_AVAILABILITY = YES_AGGRESSIVE;
				CLANG_WARN_UNREACHABLE_CODE = YES;
				CLANG_WARN__DUPLICATE_METHOD_MATCH = YES;
				COPY_PHASE_STRIP = NO;
				DEBUG_INFORMATION_FORMAT = "dwarf-with-dsym";
				ENABLE_NS_ASSERTIONS = NO;
				ENABLE_STRICT_OBJC_MSGSEND = YES;
				GCC_C_LANGUAGE_STANDARD = gnu11;
				GCC_NO_COMMON_BLOCKS = YES;
				GCC_WARN_64_TO_32_BIT_CONVERSION = YES;
				GCC_WARN_ABOUT_RETURN_TYPE = YES_ERROR;
				GCC_WARN_UNDECLARED_SELECTOR = YES;
				GCC_WARN_UNINITIALIZED_AUTOS = YES_AGGRESSIVE;
				GCC_WARN_UNUSED_FUNCTION = YES;
				GCC_WARN_UNUSED_VARIABLE = YES;
				MACOSX_DEPLOYMENT_TARGET = 10.15;
				MTL_ENABLE_DEBUG_INFO = NO;
				MTL_FAST_MATH = YES;
				SDKROOT = macosx;
			};
			name = Release;
		};
		C2EA72792470063D0019CCA0 /* Debug */ = {
			isa = XCBuildConfiguration;
			buildSettings = {
				CODE_SIGN_STYLE = Automatic;
				HEADER_SEARCH_PATHS = /Users/cedricb/Documents/MMO/externs/boost/include;
				LIBRARY_SEARCH_PATHS = /Users/cedricb/Documents/MMO/externs/boost/lib;
				PRODUCT_NAME = "$(TARGET_NAME)";
			};
			name = Debug;
		};
		C2EA727A2470063D0019CCA0 /* Release */ = {
			isa = XCBuildConfiguration;
			buildSettings = {
				CODE_SIGN_STYLE = Automatic;
				HEADER_SEARCH_PATHS = /Users/cedricb/Documents/MMO/externs/boost/include;
				LIBRARY_SEARCH_PATHS = /Users/cedricb/Documents/MMO/externs/boost/lib;
				PRODUCT_NAME = "$(TARGET_NAME)";
			};
			name = Release;
		};
/* End XCBuildConfiguration section */

/* Begin XCConfigurationList section */
		C2EA726C2470063D0019CCA0 /* Build configuration list for PBXProject "Auth" */ = {
			isa = XCConfigurationList;
			buildConfigurations = (
				C2EA72762470063D0019CCA0 /* Debug */,
				C2EA72772470063D0019CCA0 /* Release */,
			);
			defaultConfigurationIsVisible = 0;
			defaultConfigurationName = Release;
		};
		C2EA72782470063D0019CCA0 /* Build configuration list for PBXNativeTarget "Auth" */ = {
			isa = XCConfigurationList;
			buildConfigurations = (
				C2EA72792470063D0019CCA0 /* Debug */,
				C2EA727A2470063D0019CCA0 /* Release */,
			);
			defaultConfigurationIsVisible = 0;
			defaultConfigurationName = Release;
		};
/* End XCConfigurationList section */
	};
	rootObject = C2EA72692470063D0019CCA0 /* Project object */;
}
